# Generated from the verified Python 3.14 environment.
annotated-doc==0.0.5
annotated-types==0.8.0
anyio==4.15.1
certifi==2026.7.22
click==8.5.0
defusedxml==0.7.1
fastapi==0.142.2
h11==0.16.0
idna==3.20
numpy==2.5.3
opentelemetry-api==1.45.1
pydantic==2.13.5
pydantic-core==2.46.5
pyproj==3.8.0
pyshp==3.1.6
python-multipart==0.0.32
shapely==2.1.2
starlette==1.7.0
typing-extensions==4.16.0
typing-inspection==0.4.4
uvicorn==0.54.0
